
Microsoft Visual Studio Solution File, Format Version 12.00
# Visual Studio Version 17
VisualStudioVersion = 17.4.33403.182
MinimumVisualStudioVersion = 10.0.40219.1
Project("{9A19103F-16F7-4668-BE54-9A1E7A4F7556}") = "Host", "Host\Host.csproj", "{D938F3DF-0273-4518-AC48-1850C9EC5F23}"
EndProject
Project("{9A19103F-16F7-4668-BE54-9A1E7A4F7556}") = "Contract", "Contract\Contract.csproj", "{A86AA883-7090-42C3-8584-94D6886FB01D}"
EndProject
Global
	GlobalSection(SolutionConfigurationPlatforms) = preSolution
		Debug|Any CPU = Debug|Any CPU
		Release|Any CPU = Release|Any CPU
	EndGlobalSection
	GlobalSection(ProjectConfigurationPlatforms) = postSolution
		{D938F3DF-0273-4518-AC48-1850C9EC5F23}.Debug|Any CPU.ActiveCfg = Debug|Any CPU
		{D938F3DF-0273-4518-AC48-1850C9EC5F23}.Debug|Any CPU.Build.0 = Debug|Any CPU
		{D938F3DF-0273-4518-AC48-1850C9EC5F23}.Release|Any CPU.ActiveCfg = Release|Any CPU
		{D938F3DF-0273-4518-AC48-1850C9EC5F23}.Release|Any CPU.Build.0 = Release|Any CPU
		{A86AA883-7090-42C3-8584-94D6886FB01D}.Debug|Any CPU.ActiveCfg = Debug|Any CPU
		{A86AA883-7090-42C3-8584-94D6886FB01D}.Debug|Any CPU.Build.0 = Debug|Any CPU
		{A86AA883-7090-42C3-8584-94D6886FB01D}.Release|Any CPU.ActiveCfg = Release|Any CPU
		{A86AA883-7090-42C3-8584-94D6886FB01D}.Release|Any CPU.Build.0 = Release|Any CPU
	EndGlobalSection
	GlobalSection(SolutionProperties) = preSolution
		HideSolutionNode = FALSE
	EndGlobalSection
	GlobalSection(ExtensibilityGlobals) = postSolution
		SolutionGuid = {F6D60B1A-F7B8-46FE-865B-7B2F7F035CFB}
	EndGlobalSection
EndGlobal
